
Microsoft Visual Studio Solution File, Format Version 12.00
# Visual Studio Version 17
VisualStudioVersion = 17.2.32630.192
MinimumVisualStudioVersion = 10.0.40219.1
Project("{FAE04EC0-301F-11D3-BF4B-00C04F79EFBC}") = "TestBlazorComponent", "TestBlazorComponent\TestBlazorComponent.csproj", "{CFF47C2C-B975-4408-8DA9-26496FE87CD4}"
EndProject
Global
	GlobalSection(SolutionConfigurationPlatforms) = preSolution
		Debug|Any CPU = Debug|Any CPU
		Release|Any CPU = Release|Any CPU
	EndGlobalSection
	GlobalSection(ProjectConfigurationPlatforms) = postSolution
		{CFF47C2C-B975-4408-8DA9-26496FE87CD4}.Debug|Any CPU.ActiveCfg = Debug|Any CPU
		{CFF47C2C-B975-4408-8DA9-26496FE87CD4}.Debug|Any CPU.Build.0 = Debug|Any CPU
		{CFF47C2C-B975-4408-8DA9-26496FE87CD4}.Release|Any CPU.ActiveCfg = Release|Any CPU
		{CFF47C2C-B975-4408-8DA9-26496FE87CD4}.Release|Any CPU.Build.0 = Release|Any CPU
	EndGlobalSection
	GlobalSection(SolutionProperties) = preSolution
		HideSolutionNode = FALSE
	EndGlobalSection
	GlobalSection(ExtensibilityGlobals) = postSolution
		SolutionGuid = {F38ED5EB-3BD6-431E-B791-00FD83BA86BC}
	EndGlobalSection
EndGlobal
